// !$*UTF8*$!
{
	archiveVersion = 1;
	classes = {
	};
	objectVersion = 77;
	objects = {

/* Begin PBXBuildFile section */
		11111111111111111111001A /* Cocoa.framework in Frameworks */ = {isa = PBXBuildFile; fileRef = 111111111111111111110015 /* Cocoa.framework */; };
		11111111111111111111001B /* GlyphsCore.framework in Frameworks */ = {isa = PBXBuildFile; fileRef = 111111111111111111110016 /* GlyphsCore.framework */; };
		111111111111111111110018 /* Risorizer.m in Sources */ = {isa = PBXBuildFile; fileRef = 111111111111111111110011 /* Risorizer.m */; };
		111111111111111111110019 /* IBdialog.xib in Resources */ = {isa = PBXBuildFile; fileRef = 111111111111111111110012 /* IBdialog.xib */; };
/* End PBXBuildFile section */

/* Begin PBXFileReference section */
		111111111111111111110010 /* Risorizer.h */ = {isa = PBXFileReference; lastKnownFileType = sourcecode.c.h; path = "Risorizer.h"; sourceTree = "<group>"; };
		111111111111111111110011 /* Risorizer.m */ = {isa = PBXFileReference; lastKnownFileType = sourcecode.c.objc; path = "Risorizer.m"; sourceTree = "<group>"; };
		111111111111111111110012 /* IBdialog.xib */ = {isa = PBXFileReference; lastKnownFileType = file.xib; path = "IBdialog.xib"; sourceTree = "<group>"; };
		111111111111111111110013 /* Info.plist */ = {isa = PBXFileReference; lastKnownFileType = text.plist.xml; path = "Info.plist"; sourceTree = "<group>"; };
		111111111111111111110014 /* Risorizer-Cocoa-Prefix.pch */ = {isa = PBXFileReference; lastKnownFileType = sourcecode.c.h; path = "Risorizer-Cocoa-Prefix.pch"; sourceTree = "<group>"; };
		111111111111111111110015 /* Cocoa.framework */ = {isa = PBXFileReference; lastKnownFileType = wrapper.framework; name = Cocoa.framework; path = System/Library/Frameworks/Cocoa.framework; sourceTree = SDKROOT; };
		111111111111111111110016 /* GlyphsCore.framework */ = {isa = PBXFileReference; lastKnownFileType = wrapper.framework; name = GlyphsCore.framework; path = "/Applications/Glyphs 3.app/Contents/Frameworks/GlyphsCore.framework"; sourceTree = "<absolute>"; };
		111111111111111111110017 /* Risorizer.glyphsFilter */ = {isa = PBXFileReference; explicitFileType = wrapper.cfbundle; includeInIndex = 0; path = Risorizer.glyphsFilter; sourceTree = BUILT_PRODUCTS_DIR; };
/* End PBXFileReference section */

/* Begin PBXFrameworksBuildPhase section */
		11111111111111111111000A /* Frameworks */ = {
			isa = PBXFrameworksBuildPhase;
			buildActionMask = 2147483647;
			files = (
				11111111111111111111001A /* Cocoa.framework in Frameworks */,
				11111111111111111111001B /* GlyphsCore.framework in Frameworks */,
			);
			runOnlyForDeploymentPostprocessing = 0;
		};
/* End PBXFrameworksBuildPhase section */

/* Begin PBXGroup section */
		11111111111111111111000C /* MainGroup */ = {
			isa = PBXGroup;
			children = (
				11111111111111111111000F /* Risorizer-Cocoa */,
				11111111111111111111000D /* Products */,
				11111111111111111111000E /* Frameworks */,
			);
			sourceTree = "<group>";
		};
		11111111111111111111000D /* Products */ = {
			isa = PBXGroup;
			children = (
				111111111111111111110017 /* Risorizer.glyphsFilter */,
			);
			name = Products;
			sourceTree = "<group>";
		};
		11111111111111111111000E /* Frameworks */ = {
			isa = PBXGroup;
			children = (
				111111111111111111110015 /* Cocoa.framework */,
				111111111111111111110016 /* GlyphsCore.framework */,
			);
			name = Frameworks;
			sourceTree = "<group>";
		};
		11111111111111111111000F /* Risorizer-Cocoa */ = {
			isa = PBXGroup;
			children = (
				111111111111111111110010 /* Risorizer.h */,
				111111111111111111110011 /* Risorizer.m */,
				111111111111111111110012 /* IBdialog.xib */,
				111111111111111111110013 /* Info.plist */,
				111111111111111111110014 /* Risorizer-Cocoa-Prefix.pch */,
			);
			path = "Risorizer-Cocoa";
			sourceTree = "<group>";
		};
/* End PBXGroup section */

/* Begin PBXNativeTarget section */
		111111111111111111110002 /* Risorizer-Cocoa */ = {
			isa = PBXNativeTarget;
			buildConfigurationList = 111111111111111111110008 /* Build configuration list for PBXNativeTarget "Risorizer-Cocoa" */;
			buildPhases = (
				111111111111111111110009 /* Sources */,
				11111111111111111111000A /* Frameworks */,
				11111111111111111111000B /* Resources */,
			);
			buildRules = (
			);
			dependencies = (
			);
			name = "Risorizer-Cocoa";
			productName = Risorizer;
			productReference = 111111111111111111110017 /* Risorizer.glyphsFilter */;
			productType = "com.apple.product-type.bundle";
		};
/* End PBXNativeTarget section */

/* Begin PBXProject section */
		111111111111111111110001 /* Project object */ = {
			isa = PBXProject;
			attributes = {
				BuildIndependentTargetsInParallel = 1;
				LastUpgradeCheck = 1600;
				TargetAttributes = {
					111111111111111111110002 = {
						CreatedOnToolsVersion = 16.0;
					};
				};
			};
			buildConfigurationList = 111111111111111111110005 /* Build configuration list for PBXProject "Risorizer-Cocoa" */;
			compatibilityVersion = "Xcode 14.0";
			developmentRegion = en;
			hasScannedForEncodings = 0;
			knownRegions = (
				en,
				Base,
			);
			mainGroup = 11111111111111111111000C;
			productRefGroup = 11111111111111111111000D /* Products */;
			projectDirPath = "";
			projectRoot = "";
			targets = (
				111111111111111111110002 /* Risorizer-Cocoa */,
			);
		};
/* End PBXProject section */

/* Begin PBXResourcesBuildPhase section */
		11111111111111111111000B /* Resources */ = {
			isa = PBXResourcesBuildPhase;
			buildActionMask = 2147483647;
			files = (
				111111111111111111110019 /* IBdialog.xib in Resources */,
			);
			runOnlyForDeploymentPostprocessing = 0;
		};
/* End PBXResourcesBuildPhase section */

/* Begin PBXSourcesBuildPhase section */
		111111111111111111110009 /* Sources */ = {
			isa = PBXSourcesBuildPhase;
			buildActionMask = 2147483647;
			files = (
				111111111111111111110018 /* Risorizer.m in Sources */,
			);
			runOnlyForDeploymentPostprocessing = 0;
		};
/* End PBXSourcesBuildPhase section */

/* Begin XCBuildConfiguration section */
		111111111111111111110003 /* Debug */ = {
			isa = XCBuildConfiguration;
			buildSettings = {
				ALWAYS_SEARCH_USER_PATHS = NO;
				CLANG_ANALYZER_NONNULL = YES;
				CLANG_CXX_LANGUAGE_STANDARD = "gnu++20";
				CLANG_ENABLE_MODULES = YES;
				CLANG_ENABLE_OBJC_ARC = YES;
				CLANG_WARN_BOOL_CONVERSION = YES;
				CLANG_WARN_CONSTANT_CONVERSION = YES;
				CLANG_WARN_DEPRECATED_OBJC_IMPLEMENTATIONS = YES;
				CLANG_WARN_DIRECT_OBJC_ISA_USAGE = YES_ERROR;
				CLANG_WARN_EMPTY_BODY = YES;
				CLANG_WARN_ENUM_CONVERSION = YES;
				CLANG_WARN_INT_CONVERSION = YES;
				CLANG_WARN_OBJC_ROOT_CLASS = YES_ERROR;
				CLANG_WARN_UNREACHABLE_CODE = YES;
				CLANG_WARN__DUPLICATE_METHOD_MATCH = YES;
				COPY_PHASE_STRIP = NO;
				DEBUG_INFORMATION_FORMAT = dwarf;
				ENABLE_STRICT_OBJC_MSGSEND = YES;
				ENABLE_TESTABILITY = YES;
				GCC_C_LANGUAGE_STANDARD = gnu17;
				GCC_DYNAMIC_NO_PIC = NO;
				GCC_NO_COMMON_BLOCKS = YES;
				GCC_OPTIMIZATION_LEVEL = 0;
				GCC_PREPROCESSOR_DEFINITIONS = (
					"DEBUG=1",
					"$(inherited)",
				);
				GCC_WARN_64_TO_32_BIT_CONVERSION = YES;
				GCC_WARN_ABOUT_RETURN_TYPE = YES_ERROR;
				GCC_WARN_UNDECLARED_SELECTOR = YES;
				GCC_WARN_UNINITIALIZED_AUTOS = YES_AGGRESSIVE;
				GCC_WARN_UNUSED_FUNCTION = YES;
				GCC_WARN_UNUSED_VARIABLE = YES;
				MACOSX_DEPLOYMENT_TARGET = 12.0;
				ONLY_ACTIVE_ARCH = YES;
				SDKROOT = macosx;
			};
			name = Debug;
		};
		111111111111111111110004 /* Release */ = {
			isa = XCBuildConfiguration;
			buildSettings = {
				ALWAYS_SEARCH_USER_PATHS = NO;
				CLANG_ANALYZER_NONNULL = YES;
				CLANG_CXX_LANGUAGE_STANDARD = "gnu++20";
				CLANG_ENABLE_MODULES = YES;
				CLANG_ENABLE_OBJC_ARC = YES;
				CLANG_WARN_BOOL_CONVERSION = YES;
				CLANG_WARN_CONSTANT_CONVERSION = YES;
				CLANG_WARN_DEPRECATED_OBJC_IMPLEMENTATIONS = YES;
				CLANG_WARN_DIRECT_OBJC_ISA_USAGE = YES_ERROR;
				CLANG_WARN_EMPTY_BODY = YES;
				CLANG_WARN_ENUM_CONVERSION = YES;
				CLANG_WARN_INT_CONVERSION = YES;
				CLANG_WARN_OBJC_ROOT_CLASS = YES_ERROR;
				CLANG_WARN_UNREACHABLE_CODE = YES;
				CLANG_WARN__DUPLICATE_METHOD_MATCH = YES;
				COPY_PHASE_STRIP = NO;
				DEBUG_INFORMATION_FORMAT = "dwarf-with-dsym";
				ENABLE_NS_ASSERTIONS = NO;
				ENABLE_STRICT_OBJC_MSGSEND = YES;
				GCC_C_LANGUAGE_STANDARD = gnu17;
				GCC_NO_COMMON_BLOCKS = YES;
				GCC_WARN_64_TO_32_BIT_CONVERSION = YES;
				GCC_WARN_ABOUT_RETURN_TYPE = YES_ERROR;
				GCC_WARN_UNDECLARED_SELECTOR = YES;
				GCC_WARN_UNINITIALIZED_AUTOS = YES_AGGRESSIVE;
				GCC_WARN_UNUSED_FUNCTION = YES;
				GCC_WARN_UNUSED_VARIABLE = YES;
				MACOSX_DEPLOYMENT_TARGET = 12.0;
				SDKROOT = macosx;
			};
			name = Release;
		};
		111111111111111111110006 /* Debug */ = {
			isa = XCBuildConfiguration;
			buildSettings = {
				CODE_SIGN_IDENTITY = "-";
				COMBINE_HIDPI_IMAGES = YES;
				FRAMEWORK_SEARCH_PATHS = (
					"$(inherited)",
					"/Applications/Glyphs 3.app/Contents/Frameworks",
				);
				GCC_PREFIX_HEADER = "Risorizer-Cocoa/Risorizer-Cocoa-Prefix.pch";
				INFOPLIST_FILE = "Risorizer-Cocoa/Info.plist";
				INSTALL_PATH = "$(HOME)/Library/Application Support/Glyphs 3/Plugins";
				PRODUCT_BUNDLE_IDENTIFIER = "com.mekkablue.Risorizer";
				PRODUCT_NAME = Risorizer;
				SKIP_INSTALL = NO;
				WRAPPER_EXTENSION = glyphsFilter;
			};
			name = Debug;
		};
		111111111111111111110007 /* Release */ = {
			isa = XCBuildConfiguration;
			buildSettings = {
				CODE_SIGN_IDENTITY = "-";
				COMBINE_HIDPI_IMAGES = YES;
				FRAMEWORK_SEARCH_PATHS = (
					"$(inherited)",
					"/Applications/Glyphs 3.app/Contents/Frameworks",
				);
				GCC_PREFIX_HEADER = "Risorizer-Cocoa/Risorizer-Cocoa-Prefix.pch";
				INFOPLIST_FILE = "Risorizer-Cocoa/Info.plist";
				INSTALL_PATH = "$(HOME)/Library/Application Support/Glyphs 3/Plugins";
				PRODUCT_BUNDLE_IDENTIFIER = "com.mekkablue.Risorizer";
				PRODUCT_NAME = Risorizer;
				SKIP_INSTALL = NO;
				WRAPPER_EXTENSION = glyphsFilter;
			};
			name = Release;
		};
/* End XCBuildConfiguration section */

/* Begin XCConfigurationList section */
		111111111111111111110005 /* Build configuration list for PBXProject "Risorizer-Cocoa" */ = {
			isa = XCConfigurationList;
			buildConfigurations = (
				111111111111111111110003 /* Debug */,
				111111111111111111110004 /* Release */,
			);
			defaultConfigurationIsVisible = 0;
			defaultConfigurationName = Release;
		};
		111111111111111111110008 /* Build configuration list for PBXNativeTarget "Risorizer-Cocoa" */ = {
			isa = XCConfigurationList;
			buildConfigurations = (
				111111111111111111110006 /* Debug */,
				111111111111111111110007 /* Release */,
			);
			defaultConfigurationIsVisible = 0;
			defaultConfigurationName = Release;
		};
/* End XCConfigurationList section */

	};
	rootObject = 111111111111111111110001 /* Project object */;
}
